// !$*UTF8*$!
{
	archiveVersion = 1;
	classes = {
	};
	objectVersion = 48;
	objects = {

/* Begin PBXBuildFile section */
		32B702E1206E686A00C61BD8 /* ItemCell.swift in Sources */ = {isa = PBXBuildFile; fileRef = 32B702E0206E686A00C61BD8 /* ItemCell.swift */; };
		32BAA6AE2063A0B900C16144 /* AppDelegate.swift in Sources */ = {isa = PBXBuildFile; fileRef = 32BAA6AD2063A0B900C16144 /* AppDelegate.swift */; };
		32BAA6B32063A0B900C16144 /* Main.storyboard in Resources */ = {isa = PBXBuildFile; fileRef = 32BAA6B12063A0B900C16144 /* Main.storyboard */; };
		32BAA6B52063A0B900C16144 /* Assets.xcassets in Resources */ = {isa = PBXBuildFile; fileRef = 32BAA6B42063A0B900C16144 /* Assets.xcassets */; };
		32BAA6B82063A0B900C16144 /* LaunchScreen.storyboard in Resources */ = {isa = PBXBuildFile; fileRef = 32BAA6B62063A0B900C16144 /* LaunchScreen.storyboard */; };
		32BAA6C32063A0B900C16144 /* HomepwnerTests.swift in Sources */ = {isa = PBXBuildFile; fileRef = 32BAA6C22063A0B900C16144 /* HomepwnerTests.swift */; };
		32BAA6CE2063A0B900C16144 /* HomepwnerUITests.swift in Sources */ = {isa = PBXBuildFile; fileRef = 32BAA6CD2063A0B900C16144 /* HomepwnerUITests.swift */; };
		32BAA6DC2063A2B700C16144 /* ItemsViewController.swift in Sources */ = {isa = PBXBuildFile; fileRef = 32BAA6DB2063A2B700C16144 /* ItemsViewController.swift */; };
		32BAA6DE2063A45300C16144 /* Item.swift in Sources */ = {isa = PBXBuildFile; fileRef = 32BAA6DD2063A45300C16144 /* Item.swift */; };
		32BAA6E02063ACFE00C16144 /* ItemStore.swift in Sources */ = {isa = PBXBuildFile; fileRef = 32BAA6DF2063ACFE00C16144 /* ItemStore.swift */; };
/* End PBXBuildFile section */

/* Begin PBXContainerItemProxy section */
		32BAA6BF2063A0B900C16144 /* PBXContainerItemProxy */ = {
			isa = PBXContainerItemProxy;
			containerPortal = 32BAA6A22063A0B900C16144 /* Project object */;
			proxyType = 1;
			remoteGlobalIDString = 32BAA6A92063A0B900C16144;
			remoteInfo = Homepwner;
		};
		32BAA6CA2063A0B900C16144 /* PBXContainerItemProxy */ = {
			isa = PBXContainerItemProxy;
			containerPortal = 32BAA6A22063A0B900C16144 /* Project object */;
			proxyType = 1;
			remoteGlobalIDString = 32BAA6A92063A0B900C16144;
			remoteInfo = Homepwner;
		};
/* End PBXContainerItemProxy section */

/* Begin PBXFileReference section */
		32B702E0206E686A00C61BD8 /* ItemCell.swift */ = {isa = PBXFileReference; lastKnownFileType = sourcecode.swift; path = ItemCell.swift; sourceTree = "<group>"; };
		32BAA6AA2063A0B900C16144 /* Homepwner.app */ = {isa = PBXFileReference; explicitFileType = wrapper.application; includeInIndex = 0; path = Homepwner.app; sourceTree = BUILT_PRODUCTS_DIR; };
		32BAA6AD2063A0B900C16144 /* AppDelegate.swift */ = {isa = PBXFileReference; lastKnownFileType = sourcecode.swift; path = AppDelegate.swift; sourceTree = "<group>"; };
		32BAA6B22063A0B900C16144 /* Base */ = {isa = PBXFileReference; lastKnownFileType = file.storyboard; name = Base; path = Base.lproj/Main.storyboard; sourceTree = "<group>"; };
		32BAA6B42063A0B900C16144 /* Assets.xcassets */ = {isa = PBXFileReference; lastKnownFileType = folder.assetcatalog; path = Assets.xcassets; sourceTree = "<group>"; };
		32BAA6B72063A0B900C16144 /* Base */ = {isa = PBXFileReference; lastKnownFileType = file.storyboard; name = Base; path = Base.lproj/LaunchScreen.storyboard; sourceTree = "<group>"; };
		32BAA6B92063A0B900C16144 /* Info.plist */ = {isa = PBXFileReference; lastKnownFileType = text.plist.xml; path = Info.plist; sourceTree = "<group>"; };
		32BAA6BE2063A0B900C16144 /* HomepwnerTests.xctest */ = {isa = PBXFileReference; explicitFileType = wrapper.cfbundle; includeInIndex = 0; path = HomepwnerTests.xctest; sourceTree = BUILT_PRODUCTS_DIR; };
		32BAA6C22063A0B900C16144 /* HomepwnerTests.swift */ = {isa = PBXFileReference; lastKnownFileType = sourcecode.swift; path = HomepwnerTests.swift; sourceTree = "<group>"; };
		32BAA6C42063A0B900C16144 /* Info.plist */ = {isa = PBXFileReference; lastKnownFileType = text.plist.xml; path = Info.plist; sourceTree = "<group>"; };
		32BAA6C92063A0B900C16144 /* HomepwnerUITests.xctest */ = {isa = PBXFileReference; explicitFileType = wrapper.cfbundle; includeInIndex = 0; path = HomepwnerUITests.xctest; sourceTree = BUILT_PRODUCTS_DIR; };
		32BAA6CD2063A0B900C16144 /* HomepwnerUITests.swift */ = {isa = PBXFileReference; lastKnownFileType = sourcecode.swift; path = HomepwnerUITests.swift; sourceTree = "<group>"; };
		32BAA6CF2063A0B900C16144 /* Info.plist */ = {isa = PBXFileReference; lastKnownFileType = text.plist.xml; path = Info.plist; sourceTree = "<group>"; };
		32BAA6DB2063A2B700C16144 /* ItemsViewController.swift */ = {isa = PBXFileReference; lastKnownFileType = sourcecode.swift; path = ItemsViewController.swift; sourceTree = "<group>"; };
		32BAA6DD2063A45300C16144 /* Item.swift */ = {isa = PBXFileReference; lastKnownFileType = sourcecode.swift; path = Item.swift; sourceTree = "<group>"; };
		32BAA6DF2063ACFE00C16144 /* ItemStore.swift */ = {isa = PBXFileReference; lastKnownFileType = sourcecode.swift; path = ItemStore.swift; sourceTree = "<group>"; };
/* End PBXFileReference section */

/* Begin PBXFrameworksBuildPhase section */
		32BAA6A72063A0B900C16144 /* Frameworks */ = {
			isa = PBXFrameworksBuildPhase;
			buildActionMask = 2147483647;
			files = (
			);
			runOnlyForDeploymentPostprocessing = 0;
		};
		32BAA6BB2063A0B900C16144 /* Frameworks */ = {
			isa = PBXFrameworksBuildPhase;
			buildActionMask = 2147483647;
			files = (
			);
			runOnlyForDeploymentPostprocessing = 0;
		};
		32BAA6C62063A0B900C16144 /* Frameworks */ = {
			isa = PBXFrameworksBuildPhase;
			buildActionMask = 2147483647;
			files = (
			);
			runOnlyForDeploymentPostprocessing = 0;
		};
/* End PBXFrameworksBuildPhase section */

/* Begin PBXGroup section */
		32BAA6A12063A0B900C16144 = {
			isa = PBXGroup;
			children = (
				32BAA6AC2063A0B900C16144 /* Homepwner */,
				32BAA6C12063A0B900C16144 /* HomepwnerTests */,
				32BAA6CC2063A0B900C16144 /* HomepwnerUITests */,
				32BAA6AB2063A0B900C16144 /* Products */,
			);
			sourceTree = "<group>";
		};
		32BAA6AB2063A0B900C16144 /* Products */ = {
			isa = PBXGroup;
			children = (
				32BAA6AA2063A0B900C16144 /* Homepwner.app */,
				32BAA6BE2063A0B900C16144 /* HomepwnerTests.xctest */,
				32BAA6C92063A0B900C16144 /* HomepwnerUITests.xctest */,
			);
			name = Products;
			sourceTree = "<group>";
		};
		32BAA6AC2063A0B900C16144 /* Homepwner */ = {
			isa = PBXGroup;
			children = (
				32BAA6AD2063A0B900C16144 /* AppDelegate.swift */,
				32BAA6DB2063A2B700C16144 /* ItemsViewController.swift */,
				32B702E0206E686A00C61BD8 /* ItemCell.swift */,
				32BAA6DD2063A45300C16144 /* Item.swift */,
				32BAA6DF2063ACFE00C16144 /* ItemStore.swift */,
				32BAA6B12063A0B900C16144 /* Main.storyboard */,
				32BAA6B42063A0B900C16144 /* Assets.xcassets */,
				32BAA6B62063A0B900C16144 /* LaunchScreen.storyboard */,
				32BAA6B92063A0B900C16144 /* Info.plist */,
			);
			path = Homepwner;
			sourceTree = "<group>";
		};
		32BAA6C12063A0B900C16144 /* HomepwnerTests */ = {
			isa = PBXGroup;
			children = (
				32BAA6C22063A0B900C16144 /* HomepwnerTests.swift */,
				32BAA6C42063A0B900C16144 /* Info.plist */,
			);
			path = HomepwnerTests;
			sourceTree = "<group>";
		};
		32BAA6CC2063A0B900C16144 /* HomepwnerUITests */ = {
			isa = PBXGroup;
			children = (
				32BAA6CD2063A0B900C16144 /* HomepwnerUITests.swift */,
				32BAA6CF2063A0B900C16144 /* Info.plist */,
			);
			path = HomepwnerUITests;
			sourceTree = "<group>";
		};
/* End PBXGroup section */

/* Begin PBXNativeTarget section */
		32BAA6A92063A0B900C16144 /* Homepwner */ = {
			isa = PBXNativeTarget;
			buildConfigurationList = 32BAA6D22063A0B900C16144 /* Build configuration list for PBXNativeTarget "Homepwner" */;
			buildPhases = (
				32BAA6A62063A0B900C16144 /* Sources */,
				32BAA6A72063A0B900C16144 /* Frameworks */,
				32BAA6A82063A0B900C16144 /* Resources */,
			);
			buildRules = (
			);
			dependencies = (
			);
			name = Homepwner;
			productName = Homepwner;
			productReference = 32BAA6AA2063A0B900C16144 /* Homepwner.app */;
			productType = "com.apple.product-type.application";
		};
		32BAA6BD2063A0B900C16144 /* HomepwnerTests */ = {
			isa = PBXNativeTarget;
			buildConfigurationList = 32BAA6D52063A0B900C16144 /* Build configuration list for PBXNativeTarget "HomepwnerTests" */;
			buildPhases = (
				32BAA6BA2063A0B900C16144 /* Sources */,
				32BAA6BB2063A0B900C16144 /* Frameworks */,
				32BAA6BC2063A0B900C16144 /* Resources */,
			);
			buildRules = (
			);
			dependencies = (
				32BAA6C02063A0B900C16144 /* PBXTargetDependency */,
			);
			name = HomepwnerTests;
			productName = HomepwnerTests;
			productReference = 32BAA6BE2063A0B900C16144 /* HomepwnerTests.xctest */;
			productType = "com.apple.product-type.bundle.unit-test";
		};
		32BAA6C82063A0B900C16144 /* HomepwnerUITests */ = {
			isa = PBXNativeTarget;
			buildConfigurationList = 32BAA6D82063A0B900C16144 /* Build configuration list for PBXNativeTarget "HomepwnerUITests" */;
			buildPhases = (
				32BAA6C52063A0B900C16144 /* Sources */,
				32BAA6C62063A0B900C16144 /* Frameworks */,
				32BAA6C72063A0B900C16144 /* Resources */,
			);
			buildRules = (
			);
			dependencies = (
				32BAA6CB2063A0B900C16144 /* PBXTargetDependency */,
			);
			name = HomepwnerUITests;
			productName = HomepwnerUITests;
			productReference = 32BAA6C92063A0B900C16144 /* HomepwnerUITests.xctest */;
			productType = "com.apple.product-type.bundle.ui-testing";
		};
/* End PBXNativeTarget section */

/* Begin PBXProject section */
		32BAA6A22063A0B900C16144 /* Project object */ = {
			isa = PBXProject;
			attributes = {
				LastSwiftUpdateCheck = 0920;
				LastUpgradeCheck = 0920;
				ORGANIZATIONNAME = "Big Nerd Ranch";
				TargetAttributes = {
					32BAA6A92063A0B900C16144 = {
						CreatedOnToolsVersion = 9.2;
						ProvisioningStyle = Automatic;
					};
					32BAA6BD2063A0B900C16144 = {
						CreatedOnToolsVersion = 9.2;
						ProvisioningStyle = Automatic;
						TestTargetID = 32BAA6A92063A0B900C16144;
					};
					32BAA6C82063A0B900C16144 = {
						CreatedOnToolsVersion = 9.2;
						ProvisioningStyle = Automatic;
						TestTargetID = 32BAA6A92063A0B900C16144;
					};
				};
			};
			buildConfigurationList = 32BAA6A52063A0B900C16144 /* Build configuration list for PBXProject "Homepwner" */;
			compatibilityVersion = "Xcode 8.0";
			developmentRegion = en;
			hasScannedForEncodings = 0;
			knownRegions = (
				en,
				Base,
			);
			mainGroup = 32BAA6A12063A0B900C16144;
			productRefGroup = 32BAA6AB2063A0B900C16144 /* Products */;
			projectDirPath = "";
			projectRoot = "";
			targets = (
				32BAA6A92063A0B900C16144 /* Homepwner */,
				32BAA6BD2063A0B900C16144 /* HomepwnerTests */,
				32BAA6C82063A0B900C16144 /* HomepwnerUITests */,
			);
		};
/* End PBXProject section */

/* Begin PBXResourcesBuildPhase section */
		32BAA6A82063A0B900C16144 /* Resources */ = {
			isa = PBXResourcesBuildPhase;
			buildActionMask = 2147483647;
			files = (
				32BAA6B82063A0B900C16144 /* LaunchScreen.storyboard in Resources */,
				32BAA6B52063A0B900C16144 /* Assets.xcassets in Resources */,
				32BAA6B32063A0B900C16144 /* Main.storyboard in Resources */,
			);
			runOnlyForDeploymentPostprocessing = 0;
		};
		32BAA6BC2063A0B900C16144 /* Resources */ = {
			isa = PBXResourcesBuildPhase;
			buildActionMask = 2147483647;
			files = (
			);
			runOnlyForDeploymentPostprocessing = 0;
		};
		32BAA6C72063A0B900C16144 /* Resources */ = {
			isa = PBXResourcesBuildPhase;
			buildActionMask = 2147483647;
			files = (
			);
			runOnlyForDeploymentPostprocessing = 0;
		};
/* End PBXResourcesBuildPhase section */

/* Begin PBXSourcesBuildPhase section */
		32BAA6A62063A0B900C16144 /* Sources */ = {
			isa = PBXSourcesBuildPhase;
			buildActionMask = 2147483647;
			files = (
				32BAA6DC2063A2B700C16144 /* ItemsViewController.swift in Sources */,
				32BAA6DE2063A45300C16144 /* Item.swift in Sources */,
				32BAA6E02063ACFE00C16144 /* ItemStore.swift in Sources */,
				32BAA6AE2063A0B900C16144 /* AppDelegate.swift in Sources */,
				32B702E1206E686A00C61BD8 /* ItemCell.swift in Sources */,
			);
			runOnlyForDeploymentPostprocessing = 0;
		};
		32BAA6BA2063A0B900C16144 /* Sources */ = {
			isa = PBXSourcesBuildPhase;
			buildActionMask = 2147483647;
			files = (
				32BAA6C32063A0B900C16144 /* HomepwnerTests.swift in Sources */,
			);
			runOnlyForDeploymentPostprocessing = 0;
		};
		32BAA6C52063A0B900C16144 /* Sources */ = {
			isa = PBXSourcesBuildPhase;
			buildActionMask = 2147483647;
			files = (
				32BAA6CE2063A0B900C16144 /* HomepwnerUITests.swift in Sources */,
			);
			runOnlyForDeploymentPostprocessing = 0;
		};
/* End PBXSourcesBuildPhase section */

/* Begin PBXTargetDependency section */
		32BAA6C02063A0B900C16144 /* PBXTargetDependency */ = {
			isa = PBXTargetDependency;
			target = 32BAA6A92063A0B900C16144 /* Homepwner */;
			targetProxy = 32BAA6BF2063A0B900C16144 /* PBXContainerItemProxy */;
		};
		32BAA6CB2063A0B900C16144 /* PBXTargetDependency */ = {
			isa = PBXTargetDependency;
			target = 32BAA6A92063A0B900C16144 /* Homepwner */;
			targetProxy = 32BAA6CA2063A0B900C16144 /* PBXContainerItemProxy */;
		};
/* End PBXTargetDependency section */

/* Begin PBXVariantGroup section */
		32BAA6B12063A0B900C16144 /* Main.storyboard */ = {
			isa = PBXVariantGroup;
			children = (
				32BAA6B22063A0B900C16144 /* Base */,
			);
			name = Main.storyboard;
			sourceTree = "<group>";
		};
		32BAA6B62063A0B900C16144 /* LaunchScreen.storyboard */ = {
			isa = PBXVariantGroup;
			children = (
				32BAA6B72063A0B900C16144 /* Base */,
			);
			name = LaunchScreen.storyboard;
			sourceTree = "<group>";
		};
/* End PBXVariantGroup section */

/* Begin XCBuildConfiguration section */
		32BAA6D02063A0B900C16144 /* Debug */ = {
			isa = XCBuildConfiguration;
			buildSettings = {
				ALWAYS_SEARCH_USER_PATHS = NO;
				CLANG_ANALYZER_NONNULL = YES;
				CLANG_ANALYZER_NUMBER_OBJECT_CONVERSION = YES_AGGRESSIVE;
				CLANG_CXX_LANGUAGE_STANDARD = "gnu++14";
				CLANG_CXX_LIBRARY = "libc++";
				CLANG_ENABLE_MODULES = YES;
				CLANG_ENABLE_OBJC_ARC = YES;
				CLANG_WARN_BLOCK_CAPTURE_AUTORELEASING = YES;
				CLANG_WARN_BOOL_CONVERSION = YES;
				CLANG_WARN_COMMA = YES;
				CLANG_WARN_CONSTANT_CONVERSION = YES;
				CLANG_WARN_DIRECT_OBJC_ISA_USAGE = YES_ERROR;
				CLANG_WARN_DOCUMENTATION_COMMENTS = YES;
				CLANG_WARN_EMPTY_BODY = YES;
				CLANG_WARN_ENUM_CONVERSION = YES;
				CLANG_WARN_INFINITE_RECURSION = YES;
				CLANG_WARN_INT_CONVERSION = YES;
				CLANG_WARN_NON_LITERAL_NULL_CONVERSION = YES;
				CLANG_WARN_OBJC_LITERAL_CONVERSION = YES;
				CLANG_WARN_OBJC_ROOT_CLASS = YES_ERROR;
				CLANG_WARN_RANGE_LOOP_ANALYSIS = YES;
				CLANG_WARN_STRICT_PROTOTYPES = YES;
				CLANG_WARN_SUSPICIOUS_MOVE = YES;
				CLANG_WARN_UNGUARDED_AVAILABILITY = YES_AGGRESSIVE;
				CLANG_WARN_UNREACHABLE_CODE = YES;
				CLANG_WARN__DUPLICATE_METHOD_MATCH = YES;
				CODE_SIGN_IDENTITY = "iPhone Developer";
				COPY_PHASE_STRIP = NO;
				DEBUG_INFORMATION_FORMAT = dwarf;
				ENABLE_STRICT_OBJC_MSGSEND = YES;
				ENABLE_TESTABILITY = YES;
				GCC_C_LANGUAGE_STANDARD = gnu11;
				GCC_DYNAMIC_NO_PIC = NO;
				GCC_NO_COMMON_BLOCKS = YES;
				GCC_OPTIMIZATION_LEVEL = 0;
				GCC_PREPROCESSOR_DEFINITIONS = (
					"DEBUG=1",
					"$(inherited)",
				);
				GCC_WARN_64_TO_32_BIT_CONVERSION = YES;
				GCC_WARN_ABOUT_RETURN_TYPE = YES_ERROR;
				GCC_WARN_UNDECLARED_SELECTOR = YES;
				GCC_WARN_UNINITIALIZED_AUTOS = YES_AGGRESSIVE;
				GCC_WARN_UNUSED_FUNCTION = YES;
				GCC_WARN_UNUSED_VARIABLE = YES;
				IPHONEOS_DEPLOYMENT_TARGET = 11.2;
				MTL_ENABLE_DEBUG_INFO = YES;
				ONLY_ACTIVE_ARCH = YES;
				SDKROOT = iphoneos;
				SWIFT_ACTIVE_COMPILATION_CONDITIONS = DEBUG;
				SWIFT_OPTIMIZATION_LEVEL = "-Onone";
			};
			name = Debug;
		};
		32BAA6D12063A0B900C16144 /* Release */ = {
			isa = XCBuildConfiguration;
			buildSettings = {
				ALWAYS_SEARCH_USER_PATHS = NO;
				CLANG_ANALYZER_NONNULL = YES;
				CLANG_ANALYZER_NUMBER_OBJECT_CONVERSION = YES_AGGRESSIVE;
				CLANG_CXX_LANGUAGE_STANDARD = "gnu++14";
				CLANG_CXX_LIBRARY = "libc++";
				CLANG_ENABLE_MODULES = YES;
				CLANG_ENABLE_OBJC_ARC = YES;
				CLANG_WARN_BLOCK_CAPTURE_AUTORELEASING = YES;
				CLANG_WARN_BOOL_CONVERSION = YES;
				CLANG_WARN_COMMA = YES;
				CLANG_WARN_CONSTANT_CONVERSION = YES;
				CLANG_WARN_DIRECT_OBJC_ISA_USAGE = YES_ERROR;
				CLANG_WARN_DOCUMENTATION_COMMENTS = YES;
				CLANG_WARN_EMPTY_BODY = YES;
				CLANG_WARN_ENUM_CONVERSION = YES;
				CLANG_WARN_INFINITE_RECURSION = YES;
				CLANG_WARN_INT_CONVERSION = YES;
				CLANG_WARN_NON_LITERAL_NULL_CONVERSION = YES;
				CLANG_WARN_OBJC_LITERAL_CONVERSION = YES;
				CLANG_WARN_OBJC_ROOT_CLASS = YES_ERROR;
				CLANG_WARN_RANGE_LOOP_ANALYSIS = YES;
				CLANG_WARN_STRICT_PROTOTYPES = YES;
				CLANG_WARN_SUSPICIOUS_MOVE = YES;
				CLANG_WARN_UNGUARDED_AVAILABILITY = YES_AGGRESSIVE;
				CLANG_WARN_UNREACHABLE_CODE = YES;
				CLANG_WARN__DUPLICATE_METHOD_MATCH = YES;
				CODE_SIGN_IDENTITY = "iPhone Developer";
				COPY_PHASE_STRIP = NO;
				DEBUG_INFORMATION_FORMAT = "dwarf-with-dsym";
				ENABLE_NS_ASSERTIONS = NO;
				ENABLE_STRICT_OBJC_MSGSEND = YES;
				GCC_C_LANGUAGE_STANDARD = gnu11;
				GCC_NO_COMMON_BLOCKS = YES;
				GCC_WARN_64_TO_32_BIT_CONVERSION = YES;
				GCC_WARN_ABOUT_RETURN_TYPE = YES_ERROR;
				GCC_WARN_UNDECLARED_SELECTOR = YES;
				GCC_WARN_UNINITIALIZED_AUTOS = YES_AGGRESSIVE;
				GCC_WARN_UNUSED_FUNCTION = YES;
				GCC_WARN_UNUSED_VARIABLE = YES;
				IPHONEOS_DEPLOYMENT_TARGET = 11.2;
				MTL_ENABLE_DEBUG_INFO = NO;
				SDKROOT = iphoneos;
				SWIFT_OPTIMIZATION_LEVEL = "-Owholemodule";
				VALIDATE_PRODUCT = YES;
			};
			name = Release;
		};
		32BAA6D32063A0B900C16144 /* Debug */ = {
			isa = XCBuildConfiguration;
			buildSettings = {
				ASSETCATALOG_COMPILER_APPICON_NAME = AppIcon;
				CODE_SIGN_STYLE = Automatic;
				INFOPLIST_FILE = Homepwner/Info.plist;
				LD_RUNPATH_SEARCH_PATHS = "$(inherited) @executable_path/Frameworks";
				PRODUCT_BUNDLE_IDENTIFIER = com.bignerdranch.Homepwner;
				PRODUCT_NAME = "$(TARGET_NAME)";
				SWIFT_VERSION = 4.0;
				TARGETED_DEVICE_FAMILY = "1,2";
			};
			name = Debug;
		};
		32BAA6D42063A0B900C16144 /* Release */ = {
			isa = XCBuildConfiguration;
			buildSettings = {
				ASSETCATALOG_COMPILER_APPICON_NAME = AppIcon;
				CODE_SIGN_STYLE = Automatic;
				INFOPLIST_FILE = Homepwner/Info.plist;
				LD_RUNPATH_SEARCH_PATHS = "$(inherited) @executable_path/Frameworks";
				PRODUCT_BUNDLE_IDENTIFIER = com.bignerdranch.Homepwner;
				PRODUCT_NAME = "$(TARGET_NAME)";
				SWIFT_VERSION = 4.0;
				TARGETED_DEVICE_FAMILY = "1,2";
			};
			name = Release;
		};
		32BAA6D62063A0B900C16144 /* Debug */ = {
			isa = XCBuildConfiguration;
			buildSettings = {
				ALWAYS_EMBED_SWIFT_STANDARD_LIBRARIES = YES;
				BUNDLE_LOADER = "$(TEST_HOST)";
				CODE_SIGN_STYLE = Automatic;
				INFOPLIST_FILE = HomepwnerTests/Info.plist;
				LD_RUNPATH_SEARCH_PATHS = "$(inherited) @executable_path/Frameworks @loader_path/Frameworks";
				PRODUCT_BUNDLE_IDENTIFIER = com.bignerdranch.HomepwnerTests;
				PRODUCT_NAME = "$(TARGET_NAME)";
				SWIFT_VERSION = 4.0;
				TARGETED_DEVICE_FAMILY = "1,2";
				TEST_HOST = "$(BUILT_PRODUCTS_DIR)/Homepwner.app/Homepwner";
			};
			name = Debug;
		};
		32BAA6D72063A0B900C16144 /* Release */ = {
			isa = XCBuildConfiguration;
			buildSettings = {
				ALWAYS_EMBED_SWIFT_STANDARD_LIBRARIES = YES;
				BUNDLE_LOADER = "$(TEST_HOST)";
				CODE_SIGN_STYLE = Automatic;
				INFOPLIST_FILE = HomepwnerTests/Info.plist;
				LD_RUNPATH_SEARCH_PATHS = "$(inherited) @executable_path/Frameworks @loader_path/Frameworks";
				PRODUCT_BUNDLE_IDENTIFIER = com.bignerdranch.HomepwnerTests;
				PRODUCT_NAME = "$(TARGET_NAME)";
				SWIFT_VERSION = 4.0;
				TARGETED_DEVICE_FAMILY = "1,2";
				TEST_HOST = "$(BUILT_PRODUCTS_DIR)/Homepwner.app/Homepwner";
			};
			name = Release;
		};
		32BAA6D92063A0B900C16144 /* Debug */ = {
			isa = XCBuildConfiguration;
			buildSettings = {
				ALWAYS_EMBED_SWIFT_STANDARD_LIBRARIES = YES;
				CODE_SIGN_STYLE = Automatic;
				INFOPLIST_FILE = HomepwnerUITests/Info.plist;
				LD_RUNPATH_SEARCH_PATHS = "$(inherited) @executable_path/Frameworks @loader_path/Frameworks";
				PRODUCT_BUNDLE_IDENTIFIER = com.bignerdranch.HomepwnerUITests;
				PRODUCT_NAME = "$(TARGET_NAME)";
				SWIFT_VERSION = 4.0;
				TARGETED_DEVICE_FAMILY = "1,2";
				TEST_TARGET_NAME = Homepwner;
			};
			name = Debug;
		};
		32BAA6DA2063A0B900C16144 /* Release */ = {
			isa = XCBuildConfiguration;
			buildSettings = {
				ALWAYS_EMBED_SWIFT_STANDARD_LIBRARIES = YES;
				CODE_SIGN_STYLE = Automatic;
				INFOPLIST_FILE = HomepwnerUITests/Info.plist;
				LD_RUNPATH_SEARCH_PATHS = "$(inherited) @executable_path/Frameworks @loader_path/Frameworks";
				PRODUCT_BUNDLE_IDENTIFIER = com.bignerdranch.HomepwnerUITests;
				PRODUCT_NAME = "$(TARGET_NAME)";
				SWIFT_VERSION = 4.0;
				TARGETED_DEVICE_FAMILY = "1,2";
				TEST_TARGET_NAME = Homepwner;
			};
			name = Release;
		};
/* End XCBuildConfiguration section */

/* Begin XCConfigurationList section */
		32BAA6A52063A0B900C16144 /* Build configuration list for PBXProject "Homepwner" */ = {
			isa = XCConfigurationList;
			buildConfigurations = (
				32BAA6D02063A0B900C16144 /* Debug */,
				32BAA6D12063A0B900C16144 /* Release */,
			);
			defaultConfigurationIsVisible = 0;
			defaultConfigurationName = Release;
		};
		32BAA6D22063A0B900C16144 /* Build configuration list for PBXNativeTarget "Homepwner" */ = {
			isa = XCConfigurationList;
			buildConfigurations = (
				32BAA6D32063A0B900C16144 /* Debug */,
				32BAA6D42063A0B900C16144 /* Release */,
			);
			defaultConfigurationIsVisible = 0;
			defaultConfigurationName = Release;
		};
		32BAA6D52063A0B900C16144 /* Build configuration list for PBXNativeTarget "HomepwnerTests" */ = {
			isa = XCConfigurationList;
			buildConfigurations = (
				32BAA6D62063A0B900C16144 /* Debug */,
				32BAA6D72063A0B900C16144 /* Release */,
			);
			defaultConfigurationIsVisible = 0;
			defaultConfigurationName = Release;
		};
		32BAA6D82063A0B900C16144 /* Build configuration list for PBXNativeTarget "HomepwnerUITests" */ = {
			isa = XCConfigurationList;
			buildConfigurations = (
				32BAA6D92063A0B900C16144 /* Debug */,
				32BAA6DA2063A0B900C16144 /* Release */,
			);
			defaultConfigurationIsVisible = 0;
			defaultConfigurationName = Release;
		};
/* End XCConfigurationList section */
	};
	rootObject = 32BAA6A22063A0B900C16144 /* Project object */;
}
