// !$*UTF8*$!
{
	archiveVersion = 1;
	classes = {
	};
	objectVersion = 48;
	objects = {

/* Begin PBXBuildFile section */
		32B10D2D201AC83300AD6A98 /* AppDelegate.swift in Sources */ = {isa = PBXBuildFile; fileRef = 32B10D2C201AC83300AD6A98 /* AppDelegate.swift */; };
		32B10D2F201AC83300AD6A98 /* ViewController.swift in Sources */ = {isa = PBXBuildFile; fileRef = 32B10D2E201AC83300AD6A98 /* ViewController.swift */; };
		32B10D32201AC83300AD6A98 /* Main.storyboard in Resources */ = {isa = PBXBuildFile; fileRef = 32B10D30201AC83300AD6A98 /* Main.storyboard */; };
		32B10D34201AC83300AD6A98 /* Assets.xcassets in Resources */ = {isa = PBXBuildFile; fileRef = 32B10D33201AC83300AD6A98 /* Assets.xcassets */; };
		32B10D37201AC83300AD6A98 /* LaunchScreen.storyboard in Resources */ = {isa = PBXBuildFile; fileRef = 32B10D35201AC83300AD6A98 /* LaunchScreen.storyboard */; };
		32B10D42201AC83300AD6A98 /* QuizTests.swift in Sources */ = {isa = PBXBuildFile; fileRef = 32B10D41201AC83300AD6A98 /* QuizTests.swift */; };
		32B10D4D201AC83300AD6A98 /* QuizUITests.swift in Sources */ = {isa = PBXBuildFile; fileRef = 32B10D4C201AC83300AD6A98 /* QuizUITests.swift */; };
/* End PBXBuildFile section */

/* Begin PBXContainerItemProxy section */
		32B10D3E201AC83300AD6A98 /* PBXContainerItemProxy */ = {
			isa = PBXContainerItemProxy;
			containerPortal = 32B10D21201AC83300AD6A98 /* Project object */;
			proxyType = 1;
			remoteGlobalIDString = 32B10D28201AC83300AD6A98;
			remoteInfo = Quiz;
		};
		32B10D49201AC83300AD6A98 /* PBXContainerItemProxy */ = {
			isa = PBXContainerItemProxy;
			containerPortal = 32B10D21201AC83300AD6A98 /* Project object */;
			proxyType = 1;
			remoteGlobalIDString = 32B10D28201AC83300AD6A98;
			remoteInfo = Quiz;
		};
/* End PBXContainerItemProxy section */

/* Begin PBXFileReference section */
		32B10D29201AC83300AD6A98 /* Quiz.app */ = {isa = PBXFileReference; explicitFileType = wrapper.application; includeInIndex = 0; path = Quiz.app; sourceTree = BUILT_PRODUCTS_DIR; };
		32B10D2C201AC83300AD6A98 /* AppDelegate.swift */ = {isa = PBXFileReference; lastKnownFileType = sourcecode.swift; path = AppDelegate.swift; sourceTree = "<group>"; };
		32B10D2E201AC83300AD6A98 /* ViewController.swift */ = {isa = PBXFileReference; lastKnownFileType = sourcecode.swift; path = ViewController.swift; sourceTree = "<group>"; };
		32B10D31201AC83300AD6A98 /* Base */ = {isa = PBXFileReference; lastKnownFileType = file.storyboard; name = Base; path = Base.lproj/Main.storyboard; sourceTree = "<group>"; };
		32B10D33201AC83300AD6A98 /* Assets.xcassets */ = {isa = PBXFileReference; lastKnownFileType = folder.assetcatalog; path = Assets.xcassets; sourceTree = "<group>"; };
		32B10D36201AC83300AD6A98 /* Base */ = {isa = PBXFileReference; lastKnownFileType = file.storyboard; name = Base; path = Base.lproj/LaunchScreen.storyboard; sourceTree = "<group>"; };
		32B10D38201AC83300AD6A98 /* Info.plist */ = {isa = PBXFileReference; lastKnownFileType = text.plist.xml; path = Info.plist; sourceTree = "<group>"; };
		32B10D3D201AC83300AD6A98 /* QuizTests.xctest */ = {isa = PBXFileReference; explicitFileType = wrapper.cfbundle; includeInIndex = 0; path = QuizTests.xctest; sourceTree = BUILT_PRODUCTS_DIR; };
		32B10D41201AC83300AD6A98 /* QuizTests.swift */ = {isa = PBXFileReference; lastKnownFileType = sourcecode.swift; path = QuizTests.swift; sourceTree = "<group>"; };
		32B10D43201AC83300AD6A98 /* Info.plist */ = {isa = PBXFileReference; lastKnownFileType = text.plist.xml; path = Info.plist; sourceTree = "<group>"; };
		32B10D48201AC83300AD6A98 /* QuizUITests.xctest */ = {isa = PBXFileReference; explicitFileType = wrapper.cfbundle; includeInIndex = 0; path = QuizUITests.xctest; sourceTree = BUILT_PRODUCTS_DIR; };
		32B10D4C201AC83300AD6A98 /* QuizUITests.swift */ = {isa = PBXFileReference; lastKnownFileType = sourcecode.swift; path = QuizUITests.swift; sourceTree = "<group>"; };
		32B10D4E201AC83300AD6A98 /* Info.plist */ = {isa = PBXFileReference; lastKnownFileType = text.plist.xml; path = Info.plist; sourceTree = "<group>"; };
/* End PBXFileReference section */

/* Begin PBXFrameworksBuildPhase section */
		32B10D26201AC83300AD6A98 /* Frameworks */ = {
			isa = PBXFrameworksBuildPhase;
			buildActionMask = 2147483647;
			files = (
			);
			runOnlyForDeploymentPostprocessing = 0;
		};
		32B10D3A201AC83300AD6A98 /* Frameworks */ = {
			isa = PBXFrameworksBuildPhase;
			buildActionMask = 2147483647;
			files = (
			);
			runOnlyForDeploymentPostprocessing = 0;
		};
		32B10D45201AC83300AD6A98 /* Frameworks */ = {
			isa = PBXFrameworksBuildPhase;
			buildActionMask = 2147483647;
			files = (
			);
			runOnlyForDeploymentPostprocessing = 0;
		};
/* End PBXFrameworksBuildPhase section */

/* Begin PBXGroup section */
		32B10D20201AC83300AD6A98 = {
			isa = PBXGroup;
			children = (
				32B10D2B201AC83300AD6A98 /* Quiz */,
				32B10D40201AC83300AD6A98 /* QuizTests */,
				32B10D4B201AC83300AD6A98 /* QuizUITests */,
				32B10D2A201AC83300AD6A98 /* Products */,
			);
			sourceTree = "<group>";
		};
		32B10D2A201AC83300AD6A98 /* Products */ = {
			isa = PBXGroup;
			children = (
				32B10D29201AC83300AD6A98 /* Quiz.app */,
				32B10D3D201AC83300AD6A98 /* QuizTests.xctest */,
				32B10D48201AC83300AD6A98 /* QuizUITests.xctest */,
			);
			name = Products;
			sourceTree = "<group>";
		};
		32B10D2B201AC83300AD6A98 /* Quiz */ = {
			isa = PBXGroup;
			children = (
				32B10D2C201AC83300AD6A98 /* AppDelegate.swift */,
				32B10D2E201AC83300AD6A98 /* ViewController.swift */,
				32B10D30201AC83300AD6A98 /* Main.storyboard */,
				32B10D33201AC83300AD6A98 /* Assets.xcassets */,
				32B10D35201AC83300AD6A98 /* LaunchScreen.storyboard */,
				32B10D38201AC83300AD6A98 /* Info.plist */,
			);
			path = Quiz;
			sourceTree = "<group>";
		};
		32B10D40201AC83300AD6A98 /* QuizTests */ = {
			isa = PBXGroup;
			children = (
				32B10D41201AC83300AD6A98 /* QuizTests.swift */,
				32B10D43201AC83300AD6A98 /* Info.plist */,
			);
			path = QuizTests;
			sourceTree = "<group>";
		};
		32B10D4B201AC83300AD6A98 /* QuizUITests */ = {
			isa = PBXGroup;
			children = (
				32B10D4C201AC83300AD6A98 /* QuizUITests.swift */,
				32B10D4E201AC83300AD6A98 /* Info.plist */,
			);
			path = QuizUITests;
			sourceTree = "<group>";
		};
/* End PBXGroup section */

/* Begin PBXNativeTarget section */
		32B10D28201AC83300AD6A98 /* Quiz */ = {
			isa = PBXNativeTarget;
			buildConfigurationList = 32B10D51201AC83300AD6A98 /* Build configuration list for PBXNativeTarget "Quiz" */;
			buildPhases = (
				32B10D25201AC83300AD6A98 /* Sources */,
				32B10D26201AC83300AD6A98 /* Frameworks */,
				32B10D27201AC83300AD6A98 /* Resources */,
			);
			buildRules = (
			);
			dependencies = (
			);
			name = Quiz;
			productName = Quiz;
			productReference = 32B10D29201AC83300AD6A98 /* Quiz.app */;
			productType = "com.apple.product-type.application";
		};
		32B10D3C201AC83300AD6A98 /* QuizTests */ = {
			isa = PBXNativeTarget;
			buildConfigurationList = 32B10D54201AC83300AD6A98 /* Build configuration list for PBXNativeTarget "QuizTests" */;
			buildPhases = (
				32B10D39201AC83300AD6A98 /* Sources */,
				32B10D3A201AC83300AD6A98 /* Frameworks */,
				32B10D3B201AC83300AD6A98 /* Resources */,
			);
			buildRules = (
			);
			dependencies = (
				32B10D3F201AC83300AD6A98 /* PBXTargetDependency */,
			);
			name = QuizTests;
			productName = QuizTests;
			productReference = 32B10D3D201AC83300AD6A98 /* QuizTests.xctest */;
			productType = "com.apple.product-type.bundle.unit-test";
		};
		32B10D47201AC83300AD6A98 /* QuizUITests */ = {
			isa = PBXNativeTarget;
			buildConfigurationList = 32B10D57201AC83300AD6A98 /* Build configuration list for PBXNativeTarget "QuizUITests" */;
			buildPhases = (
				32B10D44201AC83300AD6A98 /* Sources */,
				32B10D45201AC83300AD6A98 /* Frameworks */,
				32B10D46201AC83300AD6A98 /* Resources */,
			);
			buildRules = (
			);
			dependencies = (
				32B10D4A201AC83300AD6A98 /* PBXTargetDependency */,
			);
			name = QuizUITests;
			productName = QuizUITests;
			productReference = 32B10D48201AC83300AD6A98 /* QuizUITests.xctest */;
			productType = "com.apple.product-type.bundle.ui-testing";
		};
/* End PBXNativeTarget section */

/* Begin PBXProject section */
		32B10D21201AC83300AD6A98 /* Project object */ = {
			isa = PBXProject;
			attributes = {
				LastSwiftUpdateCheck = 0920;
				LastUpgradeCheck = 0920;
				ORGANIZATIONNAME = ThinhLe;
				TargetAttributes = {
					32B10D28201AC83300AD6A98 = {
						CreatedOnToolsVersion = 9.2;
						ProvisioningStyle = Automatic;
					};
					32B10D3C201AC83300AD6A98 = {
						CreatedOnToolsVersion = 9.2;
						ProvisioningStyle = Automatic;
						TestTargetID = 32B10D28201AC83300AD6A98;
					};
					32B10D47201AC83300AD6A98 = {
						CreatedOnToolsVersion = 9.2;
						ProvisioningStyle = Automatic;
						TestTargetID = 32B10D28201AC83300AD6A98;
					};
				};
			};
			buildConfigurationList = 32B10D24201AC83300AD6A98 /* Build configuration list for PBXProject "Quiz" */;
			compatibilityVersion = "Xcode 8.0";
			developmentRegion = en;
			hasScannedForEncodings = 0;
			knownRegions = (
				en,
				Base,
			);
			mainGroup = 32B10D20201AC83300AD6A98;
			productRefGroup = 32B10D2A201AC83300AD6A98 /* Products */;
			projectDirPath = "";
			projectRoot = "";
			targets = (
				32B10D28201AC83300AD6A98 /* Quiz */,
				32B10D3C201AC83300AD6A98 /* QuizTests */,
				32B10D47201AC83300AD6A98 /* QuizUITests */,
			);
		};
/* End PBXProject section */

/* Begin PBXResourcesBuildPhase section */
		32B10D27201AC83300AD6A98 /* Resources */ = {
			isa = PBXResourcesBuildPhase;
			buildActionMask = 2147483647;
			files = (
				32B10D37201AC83300AD6A98 /* LaunchScreen.storyboard in Resources */,
				32B10D34201AC83300AD6A98 /* Assets.xcassets in Resources */,
				32B10D32201AC83300AD6A98 /* Main.storyboard in Resources */,
			);
			runOnlyForDeploymentPostprocessing = 0;
		};
		32B10D3B201AC83300AD6A98 /* Resources */ = {
			isa = PBXResourcesBuildPhase;
			buildActionMask = 2147483647;
			files = (
			);
			runOnlyForDeploymentPostprocessing = 0;
		};
		32B10D46201AC83300AD6A98 /* Resources */ = {
			isa = PBXResourcesBuildPhase;
			buildActionMask = 2147483647;
			files = (
			);
			runOnlyForDeploymentPostprocessing = 0;
		};
/* End PBXResourcesBuildPhase section */

/* Begin PBXSourcesBuildPhase section */
		32B10D25201AC83300AD6A98 /* Sources */ = {
			isa = PBXSourcesBuildPhase;
			buildActionMask = 2147483647;
			files = (
				32B10D2F201AC83300AD6A98 /* ViewController.swift in Sources */,
				32B10D2D201AC83300AD6A98 /* AppDelegate.swift in Sources */,
			);
			runOnlyForDeploymentPostprocessing = 0;
		};
		32B10D39201AC83300AD6A98 /* Sources */ = {
			isa = PBXSourcesBuildPhase;
			buildActionMask = 2147483647;
			files = (
				32B10D42201AC83300AD6A98 /* QuizTests.swift in Sources */,
			);
			runOnlyForDeploymentPostprocessing = 0;
		};
		32B10D44201AC83300AD6A98 /* Sources */ = {
			isa = PBXSourcesBuildPhase;
			buildActionMask = 2147483647;
			files = (
				32B10D4D201AC83300AD6A98 /* QuizUITests.swift in Sources */,
			);
			runOnlyForDeploymentPostprocessing = 0;
		};
/* End PBXSourcesBuildPhase section */

/* Begin PBXTargetDependency section */
		32B10D3F201AC83300AD6A98 /* PBXTargetDependency */ = {
			isa = PBXTargetDependency;
			target = 32B10D28201AC83300AD6A98 /* Quiz */;
			targetProxy = 32B10D3E201AC83300AD6A98 /* PBXContainerItemProxy */;
		};
		32B10D4A201AC83300AD6A98 /* PBXTargetDependency */ = {
			isa = PBXTargetDependency;
			target = 32B10D28201AC83300AD6A98 /* Quiz */;
			targetProxy = 32B10D49201AC83300AD6A98 /* PBXContainerItemProxy */;
		};
/* End PBXTargetDependency section */

/* Begin PBXVariantGroup section */
		32B10D30201AC83300AD6A98 /* Main.storyboard */ = {
			isa = PBXVariantGroup;
			children = (
				32B10D31201AC83300AD6A98 /* Base */,
			);
			name = Main.storyboard;
			sourceTree = "<group>";
		};
		32B10D35201AC83300AD6A98 /* LaunchScreen.storyboard */ = {
			isa = PBXVariantGroup;
			children = (
				32B10D36201AC83300AD6A98 /* Base */,
			);
			name = LaunchScreen.storyboard;
			sourceTree = "<group>";
		};
/* End PBXVariantGroup section */

/* Begin XCBuildConfiguration section */
		32B10D4F201AC83300AD6A98 /* Debug */ = {
			isa = XCBuildConfiguration;
			buildSettings = {
				ALWAYS_SEARCH_USER_PATHS = NO;
				CLANG_ANALYZER_NONNULL = YES;
				CLANG_ANALYZER_NUMBER_OBJECT_CONVERSION = YES_AGGRESSIVE;
				CLANG_CXX_LANGUAGE_STANDARD = "gnu++14";
				CLANG_CXX_LIBRARY = "libc++";
				CLANG_ENABLE_MODULES = YES;
				CLANG_ENABLE_OBJC_ARC = YES;
				CLANG_WARN_BLOCK_CAPTURE_AUTORELEASING = YES;
				CLANG_WARN_BOOL_CONVERSION = YES;
				CLANG_WARN_COMMA = YES;
				CLANG_WARN_CONSTANT_CONVERSION = YES;
				CLANG_WARN_DIRECT_OBJC_ISA_USAGE = YES_ERROR;
				CLANG_WARN_DOCUMENTATION_COMMENTS = YES;
				CLANG_WARN_EMPTY_BODY = YES;
				CLANG_WARN_ENUM_CONVERSION = YES;
				CLANG_WARN_INFINITE_RECURSION = YES;
				CLANG_WARN_INT_CONVERSION = YES;
				CLANG_WARN_NON_LITERAL_NULL_CONVERSION = YES;
				CLANG_WARN_OBJC_LITERAL_CONVERSION = YES;
				CLANG_WARN_OBJC_ROOT_CLASS = YES_ERROR;
				CLANG_WARN_RANGE_LOOP_ANALYSIS = YES;
				CLANG_WARN_STRICT_PROTOTYPES = YES;
				CLANG_WARN_SUSPICIOUS_MOVE = YES;
				CLANG_WARN_UNGUARDED_AVAILABILITY = YES_AGGRESSIVE;
				CLANG_WARN_UNREACHABLE_CODE = YES;
				CLANG_WARN__DUPLICATE_METHOD_MATCH = YES;
				CODE_SIGN_IDENTITY = "iPhone Developer";
				COPY_PHASE_STRIP = NO;
				DEBUG_INFORMATION_FORMAT = dwarf;
				ENABLE_STRICT_OBJC_MSGSEND = YES;
				ENABLE_TESTABILITY = YES;
				GCC_C_LANGUAGE_STANDARD = gnu11;
				GCC_DYNAMIC_NO_PIC = NO;
				GCC_NO_COMMON_BLOCKS = YES;
				GCC_OPTIMIZATION_LEVEL = 0;
				GCC_PREPROCESSOR_DEFINITIONS = (
					"DEBUG=1",
					"$(inherited)",
				);
				GCC_WARN_64_TO_32_BIT_CONVERSION = YES;
				GCC_WARN_ABOUT_RETURN_TYPE = YES_ERROR;
				GCC_WARN_UNDECLARED_SELECTOR = YES;
				GCC_WARN_UNINITIALIZED_AUTOS = YES_AGGRESSIVE;
				GCC_WARN_UNUSED_FUNCTION = YES;
				GCC_WARN_UNUSED_VARIABLE = YES;
				IPHONEOS_DEPLOYMENT_TARGET = 11.2;
				MTL_ENABLE_DEBUG_INFO = YES;
				ONLY_ACTIVE_ARCH = YES;
				SDKROOT = iphoneos;
				SWIFT_ACTIVE_COMPILATION_CONDITIONS = DEBUG;
				SWIFT_OPTIMIZATION_LEVEL = "-Onone";
			};
			name = Debug;
		};
		32B10D50201AC83300AD6A98 /* Release */ = {
			isa = XCBuildConfiguration;
			buildSettings = {
				ALWAYS_SEARCH_USER_PATHS = NO;
				CLANG_ANALYZER_NONNULL = YES;
				CLANG_ANALYZER_NUMBER_OBJECT_CONVERSION = YES_AGGRESSIVE;
				CLANG_CXX_LANGUAGE_STANDARD = "gnu++14";
				CLANG_CXX_LIBRARY = "libc++";
				CLANG_ENABLE_MODULES = YES;
				CLANG_ENABLE_OBJC_ARC = YES;
				CLANG_WARN_BLOCK_CAPTURE_AUTORELEASING = YES;
				CLANG_WARN_BOOL_CONVERSION = YES;
				CLANG_WARN_COMMA = YES;
				CLANG_WARN_CONSTANT_CONVERSION = YES;
				CLANG_WARN_DIRECT_OBJC_ISA_USAGE = YES_ERROR;
				CLANG_WARN_DOCUMENTATION_COMMENTS = YES;
				CLANG_WARN_EMPTY_BODY = YES;
				CLANG_WARN_ENUM_CONVERSION = YES;
				CLANG_WARN_INFINITE_RECURSION = YES;
				CLANG_WARN_INT_CONVERSION = YES;
				CLANG_WARN_NON_LITERAL_NULL_CONVERSION = YES;
				CLANG_WARN_OBJC_LITERAL_CONVERSION = YES;
				CLANG_WARN_OBJC_ROOT_CLASS = YES_ERROR;
				CLANG_WARN_RANGE_LOOP_ANALYSIS = YES;
				CLANG_WARN_STRICT_PROTOTYPES = YES;
				CLANG_WARN_SUSPICIOUS_MOVE = YES;
				CLANG_WARN_UNGUARDED_AVAILABILITY = YES_AGGRESSIVE;
				CLANG_WARN_UNREACHABLE_CODE = YES;
				CLANG_WARN__DUPLICATE_METHOD_MATCH = YES;
				CODE_SIGN_IDENTITY = "iPhone Developer";
				COPY_PHASE_STRIP = NO;
				DEBUG_INFORMATION_FORMAT = "dwarf-with-dsym";
				ENABLE_NS_ASSERTIONS = NO;
				ENABLE_STRICT_OBJC_MSGSEND = YES;
				GCC_C_LANGUAGE_STANDARD = gnu11;
				GCC_NO_COMMON_BLOCKS = YES;
				GCC_WARN_64_TO_32_BIT_CONVERSION = YES;
				GCC_WARN_ABOUT_RETURN_TYPE = YES_ERROR;
				GCC_WARN_UNDECLARED_SELECTOR = YES;
				GCC_WARN_UNINITIALIZED_AUTOS = YES_AGGRESSIVE;
				GCC_WARN_UNUSED_FUNCTION = YES;
				GCC_WARN_UNUSED_VARIABLE = YES;
				IPHONEOS_DEPLOYMENT_TARGET = 11.2;
				MTL_ENABLE_DEBUG_INFO = NO;
				SDKROOT = iphoneos;
				SWIFT_OPTIMIZATION_LEVEL = "-Owholemodule";
				VALIDATE_PRODUCT = YES;
			};
			name = Release;
		};
		32B10D52201AC83300AD6A98 /* Debug */ = {
			isa = XCBuildConfiguration;
			buildSettings = {
				ASSETCATALOG_COMPILER_APPICON_NAME = AppIcon;
				CODE_SIGN_STYLE = Automatic;
				INFOPLIST_FILE = Quiz/Info.plist;
				LD_RUNPATH_SEARCH_PATHS = "$(inherited) @executable_path/Frameworks";
				PRODUCT_BUNDLE_IDENTIFIER = thinhle.Quiz;
				PRODUCT_NAME = "$(TARGET_NAME)";
				SWIFT_VERSION = 4.0;
				TARGETED_DEVICE_FAMILY = "1,2";
			};
			name = Debug;
		};
		32B10D53201AC83300AD6A98 /* Release */ = {
			isa = XCBuildConfiguration;
			buildSettings = {
				ASSETCATALOG_COMPILER_APPICON_NAME = AppIcon;
				CODE_SIGN_STYLE = Automatic;
				INFOPLIST_FILE = Quiz/Info.plist;
				LD_RUNPATH_SEARCH_PATHS = "$(inherited) @executable_path/Frameworks";
				PRODUCT_BUNDLE_IDENTIFIER = thinhle.Quiz;
				PRODUCT_NAME = "$(TARGET_NAME)";
				SWIFT_VERSION = 4.0;
				TARGETED_DEVICE_FAMILY = "1,2";
			};
			name = Release;
		};
		32B10D55201AC83300AD6A98 /* Debug */ = {
			isa = XCBuildConfiguration;
			buildSettings = {
				ALWAYS_EMBED_SWIFT_STANDARD_LIBRARIES = YES;
				BUNDLE_LOADER = "$(TEST_HOST)";
				CODE_SIGN_STYLE = Automatic;
				INFOPLIST_FILE = QuizTests/Info.plist;
				LD_RUNPATH_SEARCH_PATHS = "$(inherited) @executable_path/Frameworks @loader_path/Frameworks";
				PRODUCT_BUNDLE_IDENTIFIER = thinhle.QuizTests;
				PRODUCT_NAME = "$(TARGET_NAME)";
				SWIFT_VERSION = 4.0;
				TARGETED_DEVICE_FAMILY = "1,2";
				TEST_HOST = "$(BUILT_PRODUCTS_DIR)/Quiz.app/Quiz";
			};
			name = Debug;
		};
		32B10D56201AC83300AD6A98 /* Release */ = {
			isa = XCBuildConfiguration;
			buildSettings = {
				ALWAYS_EMBED_SWIFT_STANDARD_LIBRARIES = YES;
				BUNDLE_LOADER = "$(TEST_HOST)";
				CODE_SIGN_STYLE = Automatic;
				INFOPLIST_FILE = QuizTests/Info.plist;
				LD_RUNPATH_SEARCH_PATHS = "$(inherited) @executable_path/Frameworks @loader_path/Frameworks";
				PRODUCT_BUNDLE_IDENTIFIER = thinhle.QuizTests;
				PRODUCT_NAME = "$(TARGET_NAME)";
				SWIFT_VERSION = 4.0;
				TARGETED_DEVICE_FAMILY = "1,2";
				TEST_HOST = "$(BUILT_PRODUCTS_DIR)/Quiz.app/Quiz";
			};
			name = Release;
		};
		32B10D58201AC83300AD6A98 /* Debug */ = {
			isa = XCBuildConfiguration;
			buildSettings = {
				ALWAYS_EMBED_SWIFT_STANDARD_LIBRARIES = YES;
				CODE_SIGN_STYLE = Automatic;
				INFOPLIST_FILE = QuizUITests/Info.plist;
				LD_RUNPATH_SEARCH_PATHS = "$(inherited) @executable_path/Frameworks @loader_path/Frameworks";
				PRODUCT_BUNDLE_IDENTIFIER = thinhle.QuizUITests;
				PRODUCT_NAME = "$(TARGET_NAME)";
				SWIFT_VERSION = 4.0;
				TARGETED_DEVICE_FAMILY = "1,2";
				TEST_TARGET_NAME = Quiz;
			};
			name = Debug;
		};
		32B10D59201AC83300AD6A98 /* Release */ = {
			isa = XCBuildConfiguration;
			buildSettings = {
				ALWAYS_EMBED_SWIFT_STANDARD_LIBRARIES = YES;
				CODE_SIGN_STYLE = Automatic;
				INFOPLIST_FILE = QuizUITests/Info.plist;
				LD_RUNPATH_SEARCH_PATHS = "$(inherited) @executable_path/Frameworks @loader_path/Frameworks";
				PRODUCT_BUNDLE_IDENTIFIER = thinhle.QuizUITests;
				PRODUCT_NAME = "$(TARGET_NAME)";
				SWIFT_VERSION = 4.0;
				TARGETED_DEVICE_FAMILY = "1,2";
				TEST_TARGET_NAME = Quiz;
			};
			name = Release;
		};
/* End XCBuildConfiguration section */

/* Begin XCConfigurationList section */
		32B10D24201AC83300AD6A98 /* Build configuration list for PBXProject "Quiz" */ = {
			isa = XCConfigurationList;
			buildConfigurations = (
				32B10D4F201AC83300AD6A98 /* Debug */,
				32B10D50201AC83300AD6A98 /* Release */,
			);
			defaultConfigurationIsVisible = 0;
			defaultConfigurationName = Release;
		};
		32B10D51201AC83300AD6A98 /* Build configuration list for PBXNativeTarget "Quiz" */ = {
			isa = XCConfigurationList;
			buildConfigurations = (
				32B10D52201AC83300AD6A98 /* Debug */,
				32B10D53201AC83300AD6A98 /* Release */,
			);
			defaultConfigurationIsVisible = 0;
			defaultConfigurationName = Release;
		};
		32B10D54201AC83300AD6A98 /* Build configuration list for PBXNativeTarget "QuizTests" */ = {
			isa = XCConfigurationList;
			buildConfigurations = (
				32B10D55201AC83300AD6A98 /* Debug */,
				32B10D56201AC83300AD6A98 /* Release */,
			);
			defaultConfigurationIsVisible = 0;
			defaultConfigurationName = Release;
		};
		32B10D57201AC83300AD6A98 /* Build configuration list for PBXNativeTarget "QuizUITests" */ = {
			isa = XCConfigurationList;
			buildConfigurations = (
				32B10D58201AC83300AD6A98 /* Debug */,
				32B10D59201AC83300AD6A98 /* Release */,
			);
			defaultConfigurationIsVisible = 0;
			defaultConfigurationName = Release;
		};
/* End XCConfigurationList section */
	};
	rootObject = 32B10D21201AC83300AD6A98 /* Project object */;
}
