// !$*UTF8*$!
{
	archiveVersion = 1;
	classes = {
	};
	objectVersion = 50;
	objects = {

/* Begin PBXBuildFile section */
		329A3533208B1844003A041E /* AppDelegate.swift in Sources */ = {isa = PBXBuildFile; fileRef = 329A3532208B1844003A041E /* AppDelegate.swift */; };
		329A3538208B1844003A041E /* Main.storyboard in Resources */ = {isa = PBXBuildFile; fileRef = 329A3536208B1844003A041E /* Main.storyboard */; };
		329A353A208B1847003A041E /* Assets.xcassets in Resources */ = {isa = PBXBuildFile; fileRef = 329A3539208B1847003A041E /* Assets.xcassets */; };
		329A353D208B1847003A041E /* LaunchScreen.storyboard in Resources */ = {isa = PBXBuildFile; fileRef = 329A353B208B1847003A041E /* LaunchScreen.storyboard */; };
		329A3548208B1847003A041E /* PhotoramaTests.swift in Sources */ = {isa = PBXBuildFile; fileRef = 329A3547208B1847003A041E /* PhotoramaTests.swift */; };
		329A3553208B1847003A041E /* PhotoramaUITests.swift in Sources */ = {isa = PBXBuildFile; fileRef = 329A3552208B1847003A041E /* PhotoramaUITests.swift */; };
		329A3561208B1875003A041E /* PhotosViewController.swift in Sources */ = {isa = PBXBuildFile; fileRef = 329A3560208B1875003A041E /* PhotosViewController.swift */; };
		329A3563208B1EF6003A041E /* FlickrAPI.swift in Sources */ = {isa = PBXBuildFile; fileRef = 329A3562208B1EF6003A041E /* FlickrAPI.swift */; };
		329A3565208B2A7F003A041E /* PhotoStore.swift in Sources */ = {isa = PBXBuildFile; fileRef = 329A3564208B2A7F003A041E /* PhotoStore.swift */; };
		329A3567208B4EA6003A041E /* Photo.swift in Sources */ = {isa = PBXBuildFile; fileRef = 329A3566208B4EA6003A041E /* Photo.swift */; };
		32CC6593209B25E900FC68AB /* PhotoDataSource.swift in Sources */ = {isa = PBXBuildFile; fileRef = 32CC6592209B25E800FC68AB /* PhotoDataSource.swift */; };
		32CC6595209B3F3A00FC68AB /* PhotoCollectionViewCell.swift in Sources */ = {isa = PBXBuildFile; fileRef = 32CC6594209B3F3A00FC68AB /* PhotoCollectionViewCell.swift */; };
/* End PBXBuildFile section */

/* Begin PBXContainerItemProxy section */
		329A3544208B1847003A041E /* PBXContainerItemProxy */ = {
			isa = PBXContainerItemProxy;
			containerPortal = 329A3527208B1844003A041E /* Project object */;
			proxyType = 1;
			remoteGlobalIDString = 329A352E208B1844003A041E;
			remoteInfo = Photorama;
		};
		329A354F208B1847003A041E /* PBXContainerItemProxy */ = {
			isa = PBXContainerItemProxy;
			containerPortal = 329A3527208B1844003A041E /* Project object */;
			proxyType = 1;
			remoteGlobalIDString = 329A352E208B1844003A041E;
			remoteInfo = Photorama;
		};
/* End PBXContainerItemProxy section */

/* Begin PBXFileReference section */
		329A352F208B1844003A041E /* Photorama.app */ = {isa = PBXFileReference; explicitFileType = wrapper.application; includeInIndex = 0; path = Photorama.app; sourceTree = BUILT_PRODUCTS_DIR; };
		329A3532208B1844003A041E /* AppDelegate.swift */ = {isa = PBXFileReference; lastKnownFileType = sourcecode.swift; path = AppDelegate.swift; sourceTree = "<group>"; };
		329A3537208B1844003A041E /* Base */ = {isa = PBXFileReference; lastKnownFileType = file.storyboard; name = Base; path = Base.lproj/Main.storyboard; sourceTree = "<group>"; };
		329A3539208B1847003A041E /* Assets.xcassets */ = {isa = PBXFileReference; lastKnownFileType = folder.assetcatalog; path = Assets.xcassets; sourceTree = "<group>"; };
		329A353C208B1847003A041E /* Base */ = {isa = PBXFileReference; lastKnownFileType = file.storyboard; name = Base; path = Base.lproj/LaunchScreen.storyboard; sourceTree = "<group>"; };
		329A353E208B1847003A041E /* Info.plist */ = {isa = PBXFileReference; lastKnownFileType = text.plist.xml; path = Info.plist; sourceTree = "<group>"; };
		329A3543208B1847003A041E /* PhotoramaTests.xctest */ = {isa = PBXFileReference; explicitFileType = wrapper.cfbundle; includeInIndex = 0; path = PhotoramaTests.xctest; sourceTree = BUILT_PRODUCTS_DIR; };
		329A3547208B1847003A041E /* PhotoramaTests.swift */ = {isa = PBXFileReference; lastKnownFileType = sourcecode.swift; path = PhotoramaTests.swift; sourceTree = "<group>"; };
		329A3549208B1847003A041E /* Info.plist */ = {isa = PBXFileReference; lastKnownFileType = text.plist.xml; path = Info.plist; sourceTree = "<group>"; };
		329A354E208B1847003A041E /* PhotoramaUITests.xctest */ = {isa = PBXFileReference; explicitFileType = wrapper.cfbundle; includeInIndex = 0; path = PhotoramaUITests.xctest; sourceTree = BUILT_PRODUCTS_DIR; };
		329A3552208B1847003A041E /* PhotoramaUITests.swift */ = {isa = PBXFileReference; lastKnownFileType = sourcecode.swift; path = PhotoramaUITests.swift; sourceTree = "<group>"; };
		329A3554208B1847003A041E /* Info.plist */ = {isa = PBXFileReference; lastKnownFileType = text.plist.xml; path = Info.plist; sourceTree = "<group>"; };
		329A3560208B1875003A041E /* PhotosViewController.swift */ = {isa = PBXFileReference; lastKnownFileType = sourcecode.swift; path = PhotosViewController.swift; sourceTree = "<group>"; };
		329A3562208B1EF6003A041E /* FlickrAPI.swift */ = {isa = PBXFileReference; lastKnownFileType = sourcecode.swift; path = FlickrAPI.swift; sourceTree = "<group>"; };
		329A3564208B2A7F003A041E /* PhotoStore.swift */ = {isa = PBXFileReference; lastKnownFileType = sourcecode.swift; path = PhotoStore.swift; sourceTree = "<group>"; };
		329A3566208B4EA6003A041E /* Photo.swift */ = {isa = PBXFileReference; lastKnownFileType = sourcecode.swift; path = Photo.swift; sourceTree = "<group>"; };
		32CC6592209B25E800FC68AB /* PhotoDataSource.swift */ = {isa = PBXFileReference; lastKnownFileType = sourcecode.swift; path = PhotoDataSource.swift; sourceTree = "<group>"; };
		32CC6594209B3F3A00FC68AB /* PhotoCollectionViewCell.swift */ = {isa = PBXFileReference; lastKnownFileType = sourcecode.swift; path = PhotoCollectionViewCell.swift; sourceTree = "<group>"; };
/* End PBXFileReference section */

/* Begin PBXFrameworksBuildPhase section */
		329A352C208B1844003A041E /* Frameworks */ = {
			isa = PBXFrameworksBuildPhase;
			buildActionMask = 2147483647;
			files = (
			);
			runOnlyForDeploymentPostprocessing = 0;
		};
		329A3540208B1847003A041E /* Frameworks */ = {
			isa = PBXFrameworksBuildPhase;
			buildActionMask = 2147483647;
			files = (
			);
			runOnlyForDeploymentPostprocessing = 0;
		};
		329A354B208B1847003A041E /* Frameworks */ = {
			isa = PBXFrameworksBuildPhase;
			buildActionMask = 2147483647;
			files = (
			);
			runOnlyForDeploymentPostprocessing = 0;
		};
/* End PBXFrameworksBuildPhase section */

/* Begin PBXGroup section */
		329A3526208B1844003A041E = {
			isa = PBXGroup;
			children = (
				329A3531208B1844003A041E /* Photorama */,
				329A3546208B1847003A041E /* PhotoramaTests */,
				329A3551208B1847003A041E /* PhotoramaUITests */,
				329A3530208B1844003A041E /* Products */,
			);
			sourceTree = "<group>";
		};
		329A3530208B1844003A041E /* Products */ = {
			isa = PBXGroup;
			children = (
				329A352F208B1844003A041E /* Photorama.app */,
				329A3543208B1847003A041E /* PhotoramaTests.xctest */,
				329A354E208B1847003A041E /* PhotoramaUITests.xctest */,
			);
			name = Products;
			sourceTree = "<group>";
		};
		329A3531208B1844003A041E /* Photorama */ = {
			isa = PBXGroup;
			children = (
				329A3532208B1844003A041E /* AppDelegate.swift */,
				329A3560208B1875003A041E /* PhotosViewController.swift */,
				32CC6594209B3F3A00FC68AB /* PhotoCollectionViewCell.swift */,
				329A3566208B4EA6003A041E /* Photo.swift */,
				329A3562208B1EF6003A041E /* FlickrAPI.swift */,
				32CC6592209B25E800FC68AB /* PhotoDataSource.swift */,
				329A3564208B2A7F003A041E /* PhotoStore.swift */,
				329A3536208B1844003A041E /* Main.storyboard */,
				329A3539208B1847003A041E /* Assets.xcassets */,
				329A353B208B1847003A041E /* LaunchScreen.storyboard */,
				329A353E208B1847003A041E /* Info.plist */,
			);
			path = Photorama;
			sourceTree = "<group>";
		};
		329A3546208B1847003A041E /* PhotoramaTests */ = {
			isa = PBXGroup;
			children = (
				329A3547208B1847003A041E /* PhotoramaTests.swift */,
				329A3549208B1847003A041E /* Info.plist */,
			);
			path = PhotoramaTests;
			sourceTree = "<group>";
		};
		329A3551208B1847003A041E /* PhotoramaUITests */ = {
			isa = PBXGroup;
			children = (
				329A3552208B1847003A041E /* PhotoramaUITests.swift */,
				329A3554208B1847003A041E /* Info.plist */,
			);
			path = PhotoramaUITests;
			sourceTree = "<group>";
		};
/* End PBXGroup section */

/* Begin PBXNativeTarget section */
		329A352E208B1844003A041E /* Photorama */ = {
			isa = PBXNativeTarget;
			buildConfigurationList = 329A3557208B1847003A041E /* Build configuration list for PBXNativeTarget "Photorama" */;
			buildPhases = (
				329A352B208B1844003A041E /* Sources */,
				329A352C208B1844003A041E /* Frameworks */,
				329A352D208B1844003A041E /* Resources */,
			);
			buildRules = (
			);
			dependencies = (
			);
			name = Photorama;
			productName = Photorama;
			productReference = 329A352F208B1844003A041E /* Photorama.app */;
			productType = "com.apple.product-type.application";
		};
		329A3542208B1847003A041E /* PhotoramaTests */ = {
			isa = PBXNativeTarget;
			buildConfigurationList = 329A355A208B1847003A041E /* Build configuration list for PBXNativeTarget "PhotoramaTests" */;
			buildPhases = (
				329A353F208B1847003A041E /* Sources */,
				329A3540208B1847003A041E /* Frameworks */,
				329A3541208B1847003A041E /* Resources */,
			);
			buildRules = (
			);
			dependencies = (
				329A3545208B1847003A041E /* PBXTargetDependency */,
			);
			name = PhotoramaTests;
			productName = PhotoramaTests;
			productReference = 329A3543208B1847003A041E /* PhotoramaTests.xctest */;
			productType = "com.apple.product-type.bundle.unit-test";
		};
		329A354D208B1847003A041E /* PhotoramaUITests */ = {
			isa = PBXNativeTarget;
			buildConfigurationList = 329A355D208B1847003A041E /* Build configuration list for PBXNativeTarget "PhotoramaUITests" */;
			buildPhases = (
				329A354A208B1847003A041E /* Sources */,
				329A354B208B1847003A041E /* Frameworks */,
				329A354C208B1847003A041E /* Resources */,
			);
			buildRules = (
			);
			dependencies = (
				329A3550208B1847003A041E /* PBXTargetDependency */,
			);
			name = PhotoramaUITests;
			productName = PhotoramaUITests;
			productReference = 329A354E208B1847003A041E /* PhotoramaUITests.xctest */;
			productType = "com.apple.product-type.bundle.ui-testing";
		};
/* End PBXNativeTarget section */

/* Begin PBXProject section */
		329A3527208B1844003A041E /* Project object */ = {
			isa = PBXProject;
			attributes = {
				LastSwiftUpdateCheck = 0930;
				LastUpgradeCheck = 0930;
				ORGANIZATIONNAME = ThinhLe;
				TargetAttributes = {
					329A352E208B1844003A041E = {
						CreatedOnToolsVersion = 9.3;
					};
					329A3542208B1847003A041E = {
						CreatedOnToolsVersion = 9.3;
						TestTargetID = 329A352E208B1844003A041E;
					};
					329A354D208B1847003A041E = {
						CreatedOnToolsVersion = 9.3;
						TestTargetID = 329A352E208B1844003A041E;
					};
				};
			};
			buildConfigurationList = 329A352A208B1844003A041E /* Build configuration list for PBXProject "Photorama" */;
			compatibilityVersion = "Xcode 9.3";
			developmentRegion = en;
			hasScannedForEncodings = 0;
			knownRegions = (
				en,
				Base,
			);
			mainGroup = 329A3526208B1844003A041E;
			productRefGroup = 329A3530208B1844003A041E /* Products */;
			projectDirPath = "";
			projectRoot = "";
			targets = (
				329A352E208B1844003A041E /* Photorama */,
				329A3542208B1847003A041E /* PhotoramaTests */,
				329A354D208B1847003A041E /* PhotoramaUITests */,
			);
		};
/* End PBXProject section */

/* Begin PBXResourcesBuildPhase section */
		329A352D208B1844003A041E /* Resources */ = {
			isa = PBXResourcesBuildPhase;
			buildActionMask = 2147483647;
			files = (
				329A353D208B1847003A041E /* LaunchScreen.storyboard in Resources */,
				329A353A208B1847003A041E /* Assets.xcassets in Resources */,
				329A3538208B1844003A041E /* Main.storyboard in Resources */,
			);
			runOnlyForDeploymentPostprocessing = 0;
		};
		329A3541208B1847003A041E /* Resources */ = {
			isa = PBXResourcesBuildPhase;
			buildActionMask = 2147483647;
			files = (
			);
			runOnlyForDeploymentPostprocessing = 0;
		};
		329A354C208B1847003A041E /* Resources */ = {
			isa = PBXResourcesBuildPhase;
			buildActionMask = 2147483647;
			files = (
			);
			runOnlyForDeploymentPostprocessing = 0;
		};
/* End PBXResourcesBuildPhase section */

/* Begin PBXSourcesBuildPhase section */
		329A352B208B1844003A041E /* Sources */ = {
			isa = PBXSourcesBuildPhase;
			buildActionMask = 2147483647;
			files = (
				329A3563208B1EF6003A041E /* FlickrAPI.swift in Sources */,
				329A3561208B1875003A041E /* PhotosViewController.swift in Sources */,
				329A3565208B2A7F003A041E /* PhotoStore.swift in Sources */,
				32CC6593209B25E900FC68AB /* PhotoDataSource.swift in Sources */,
				32CC6595209B3F3A00FC68AB /* PhotoCollectionViewCell.swift in Sources */,
				329A3533208B1844003A041E /* AppDelegate.swift in Sources */,
				329A3567208B4EA6003A041E /* Photo.swift in Sources */,
			);
			runOnlyForDeploymentPostprocessing = 0;
		};
		329A353F208B1847003A041E /* Sources */ = {
			isa = PBXSourcesBuildPhase;
			buildActionMask = 2147483647;
			files = (
				329A3548208B1847003A041E /* PhotoramaTests.swift in Sources */,
			);
			runOnlyForDeploymentPostprocessing = 0;
		};
		329A354A208B1847003A041E /* Sources */ = {
			isa = PBXSourcesBuildPhase;
			buildActionMask = 2147483647;
			files = (
				329A3553208B1847003A041E /* PhotoramaUITests.swift in Sources */,
			);
			runOnlyForDeploymentPostprocessing = 0;
		};
/* End PBXSourcesBuildPhase section */

/* Begin PBXTargetDependency section */
		329A3545208B1847003A041E /* PBXTargetDependency */ = {
			isa = PBXTargetDependency;
			target = 329A352E208B1844003A041E /* Photorama */;
			targetProxy = 329A3544208B1847003A041E /* PBXContainerItemProxy */;
		};
		329A3550208B1847003A041E /* PBXTargetDependency */ = {
			isa = PBXTargetDependency;
			target = 329A352E208B1844003A041E /* Photorama */;
			targetProxy = 329A354F208B1847003A041E /* PBXContainerItemProxy */;
		};
/* End PBXTargetDependency section */

/* Begin PBXVariantGroup section */
		329A3536208B1844003A041E /* Main.storyboard */ = {
			isa = PBXVariantGroup;
			children = (
				329A3537208B1844003A041E /* Base */,
			);
			name = Main.storyboard;
			sourceTree = "<group>";
		};
		329A353B208B1847003A041E /* LaunchScreen.storyboard */ = {
			isa = PBXVariantGroup;
			children = (
				329A353C208B1847003A041E /* Base */,
			);
			name = LaunchScreen.storyboard;
			sourceTree = "<group>";
		};
/* End PBXVariantGroup section */

/* Begin XCBuildConfiguration section */
		329A3555208B1847003A041E /* Debug */ = {
			isa = XCBuildConfiguration;
			buildSettings = {
				ALWAYS_SEARCH_USER_PATHS = NO;
				CLANG_ANALYZER_NONNULL = YES;
				CLANG_ANALYZER_NUMBER_OBJECT_CONVERSION = YES_AGGRESSIVE;
				CLANG_CXX_LANGUAGE_STANDARD = "gnu++14";
				CLANG_CXX_LIBRARY = "libc++";
				CLANG_ENABLE_MODULES = YES;
				CLANG_ENABLE_OBJC_ARC = YES;
				CLANG_ENABLE_OBJC_WEAK = YES;
				CLANG_WARN_BLOCK_CAPTURE_AUTORELEASING = YES;
				CLANG_WARN_BOOL_CONVERSION = YES;
				CLANG_WARN_COMMA = YES;
				CLANG_WARN_CONSTANT_CONVERSION = YES;
				CLANG_WARN_DEPRECATED_OBJC_IMPLEMENTATIONS = YES;
				CLANG_WARN_DIRECT_OBJC_ISA_USAGE = YES_ERROR;
				CLANG_WARN_DOCUMENTATION_COMMENTS = YES;
				CLANG_WARN_EMPTY_BODY = YES;
				CLANG_WARN_ENUM_CONVERSION = YES;
				CLANG_WARN_INFINITE_RECURSION = YES;
				CLANG_WARN_INT_CONVERSION = YES;
				CLANG_WARN_NON_LITERAL_NULL_CONVERSION = YES;
				CLANG_WARN_OBJC_IMPLICIT_RETAIN_SELF = YES;
				CLANG_WARN_OBJC_LITERAL_CONVERSION = YES;
				CLANG_WARN_OBJC_ROOT_CLASS = YES_ERROR;
				CLANG_WARN_RANGE_LOOP_ANALYSIS = YES;
				CLANG_WARN_STRICT_PROTOTYPES = YES;
				CLANG_WARN_SUSPICIOUS_MOVE = YES;
				CLANG_WARN_UNGUARDED_AVAILABILITY = YES_AGGRESSIVE;
				CLANG_WARN_UNREACHABLE_CODE = YES;
				CLANG_WARN__DUPLICATE_METHOD_MATCH = YES;
				CODE_SIGN_IDENTITY = "iPhone Developer";
				COPY_PHASE_STRIP = NO;
				DEBUG_INFORMATION_FORMAT = dwarf;
				ENABLE_STRICT_OBJC_MSGSEND = YES;
				ENABLE_TESTABILITY = YES;
				GCC_C_LANGUAGE_STANDARD = gnu11;
				GCC_DYNAMIC_NO_PIC = NO;
				GCC_NO_COMMON_BLOCKS = YES;
				GCC_OPTIMIZATION_LEVEL = 0;
				GCC_PREPROCESSOR_DEFINITIONS = (
					"DEBUG=1",
					"$(inherited)",
				);
				GCC_WARN_64_TO_32_BIT_CONVERSION = YES;
				GCC_WARN_ABOUT_RETURN_TYPE = YES_ERROR;
				GCC_WARN_UNDECLARED_SELECTOR = YES;
				GCC_WARN_UNINITIALIZED_AUTOS = YES_AGGRESSIVE;
				GCC_WARN_UNUSED_FUNCTION = YES;
				GCC_WARN_UNUSED_VARIABLE = YES;
				IPHONEOS_DEPLOYMENT_TARGET = 11.3;
				MTL_ENABLE_DEBUG_INFO = YES;
				ONLY_ACTIVE_ARCH = YES;
				SDKROOT = iphoneos;
				SWIFT_ACTIVE_COMPILATION_CONDITIONS = DEBUG;
				SWIFT_OPTIMIZATION_LEVEL = "-Onone";
			};
			name = Debug;
		};
		329A3556208B1847003A041E /* Release */ = {
			isa = XCBuildConfiguration;
			buildSettings = {
				ALWAYS_SEARCH_USER_PATHS = NO;
				CLANG_ANALYZER_NONNULL = YES;
				CLANG_ANALYZER_NUMBER_OBJECT_CONVERSION = YES_AGGRESSIVE;
				CLANG_CXX_LANGUAGE_STANDARD = "gnu++14";
				CLANG_CXX_LIBRARY = "libc++";
				CLANG_ENABLE_MODULES = YES;
				CLANG_ENABLE_OBJC_ARC = YES;
				CLANG_ENABLE_OBJC_WEAK = YES;
				CLANG_WARN_BLOCK_CAPTURE_AUTORELEASING = YES;
				CLANG_WARN_BOOL_CONVERSION = YES;
				CLANG_WARN_COMMA = YES;
				CLANG_WARN_CONSTANT_CONVERSION = YES;
				CLANG_WARN_DEPRECATED_OBJC_IMPLEMENTATIONS = YES;
				CLANG_WARN_DIRECT_OBJC_ISA_USAGE = YES_ERROR;
				CLANG_WARN_DOCUMENTATION_COMMENTS = YES;
				CLANG_WARN_EMPTY_BODY = YES;
				CLANG_WARN_ENUM_CONVERSION = YES;
				CLANG_WARN_INFINITE_RECURSION = YES;
				CLANG_WARN_INT_CONVERSION = YES;
				CLANG_WARN_NON_LITERAL_NULL_CONVERSION = YES;
				CLANG_WARN_OBJC_IMPLICIT_RETAIN_SELF = YES;
				CLANG_WARN_OBJC_LITERAL_CONVERSION = YES;
				CLANG_WARN_OBJC_ROOT_CLASS = YES_ERROR;
				CLANG_WARN_RANGE_LOOP_ANALYSIS = YES;
				CLANG_WARN_STRICT_PROTOTYPES = YES;
				CLANG_WARN_SUSPICIOUS_MOVE = YES;
				CLANG_WARN_UNGUARDED_AVAILABILITY = YES_AGGRESSIVE;
				CLANG_WARN_UNREACHABLE_CODE = YES;
				CLANG_WARN__DUPLICATE_METHOD_MATCH = YES;
				CODE_SIGN_IDENTITY = "iPhone Developer";
				COPY_PHASE_STRIP = NO;
				DEBUG_INFORMATION_FORMAT = "dwarf-with-dsym";
				ENABLE_NS_ASSERTIONS = NO;
				ENABLE_STRICT_OBJC_MSGSEND = YES;
				GCC_C_LANGUAGE_STANDARD = gnu11;
				GCC_NO_COMMON_BLOCKS = YES;
				GCC_WARN_64_TO_32_BIT_CONVERSION = YES;
				GCC_WARN_ABOUT_RETURN_TYPE = YES_ERROR;
				GCC_WARN_UNDECLARED_SELECTOR = YES;
				GCC_WARN_UNINITIALIZED_AUTOS = YES_AGGRESSIVE;
				GCC_WARN_UNUSED_FUNCTION = YES;
				GCC_WARN_UNUSED_VARIABLE = YES;
				IPHONEOS_DEPLOYMENT_TARGET = 11.3;
				MTL_ENABLE_DEBUG_INFO = NO;
				SDKROOT = iphoneos;
				SWIFT_COMPILATION_MODE = wholemodule;
				SWIFT_OPTIMIZATION_LEVEL = "-O";
				VALIDATE_PRODUCT = YES;
			};
			name = Release;
		};
		329A3558208B1847003A041E /* Debug */ = {
			isa = XCBuildConfiguration;
			buildSettings = {
				ASSETCATALOG_COMPILER_APPICON_NAME = AppIcon;
				CODE_SIGN_STYLE = Automatic;
				INFOPLIST_FILE = Photorama/Info.plist;
				LD_RUNPATH_SEARCH_PATHS = (
					"$(inherited)",
					"@executable_path/Frameworks",
				);
				PRODUCT_BUNDLE_IDENTIFIER = ThinhLe.Photorama;
				PRODUCT_NAME = "$(TARGET_NAME)";
				SWIFT_VERSION = 4.0;
				TARGETED_DEVICE_FAMILY = "1,2";
			};
			name = Debug;
		};
		329A3559208B1847003A041E /* Release */ = {
			isa = XCBuildConfiguration;
			buildSettings = {
				ASSETCATALOG_COMPILER_APPICON_NAME = AppIcon;
				CODE_SIGN_STYLE = Automatic;
				INFOPLIST_FILE = Photorama/Info.plist;
				LD_RUNPATH_SEARCH_PATHS = (
					"$(inherited)",
					"@executable_path/Frameworks",
				);
				PRODUCT_BUNDLE_IDENTIFIER = ThinhLe.Photorama;
				PRODUCT_NAME = "$(TARGET_NAME)";
				SWIFT_VERSION = 4.0;
				TARGETED_DEVICE_FAMILY = "1,2";
			};
			name = Release;
		};
		329A355B208B1847003A041E /* Debug */ = {
			isa = XCBuildConfiguration;
			buildSettings = {
				ALWAYS_EMBED_SWIFT_STANDARD_LIBRARIES = YES;
				BUNDLE_LOADER = "$(TEST_HOST)";
				CODE_SIGN_STYLE = Automatic;
				INFOPLIST_FILE = PhotoramaTests/Info.plist;
				LD_RUNPATH_SEARCH_PATHS = (
					"$(inherited)",
					"@executable_path/Frameworks",
					"@loader_path/Frameworks",
				);
				PRODUCT_BUNDLE_IDENTIFIER = ThinhLe.PhotoramaTests;
				PRODUCT_NAME = "$(TARGET_NAME)";
				SWIFT_VERSION = 4.0;
				TARGETED_DEVICE_FAMILY = "1,2";
				TEST_HOST = "$(BUILT_PRODUCTS_DIR)/Photorama.app/Photorama";
			};
			name = Debug;
		};
		329A355C208B1847003A041E /* Release */ = {
			isa = XCBuildConfiguration;
			buildSettings = {
				ALWAYS_EMBED_SWIFT_STANDARD_LIBRARIES = YES;
				BUNDLE_LOADER = "$(TEST_HOST)";
				CODE_SIGN_STYLE = Automatic;
				INFOPLIST_FILE = PhotoramaTests/Info.plist;
				LD_RUNPATH_SEARCH_PATHS = (
					"$(inherited)",
					"@executable_path/Frameworks",
					"@loader_path/Frameworks",
				);
				PRODUCT_BUNDLE_IDENTIFIER = ThinhLe.PhotoramaTests;
				PRODUCT_NAME = "$(TARGET_NAME)";
				SWIFT_VERSION = 4.0;
				TARGETED_DEVICE_FAMILY = "1,2";
				TEST_HOST = "$(BUILT_PRODUCTS_DIR)/Photorama.app/Photorama";
			};
			name = Release;
		};
		329A355E208B1847003A041E /* Debug */ = {
			isa = XCBuildConfiguration;
			buildSettings = {
				ALWAYS_EMBED_SWIFT_STANDARD_LIBRARIES = YES;
				CODE_SIGN_STYLE = Automatic;
				INFOPLIST_FILE = PhotoramaUITests/Info.plist;
				LD_RUNPATH_SEARCH_PATHS = (
					"$(inherited)",
					"@executable_path/Frameworks",
					"@loader_path/Frameworks",
				);
				PRODUCT_BUNDLE_IDENTIFIER = ThinhLe.PhotoramaUITests;
				PRODUCT_NAME = "$(TARGET_NAME)";
				SWIFT_VERSION = 4.0;
				TARGETED_DEVICE_FAMILY = "1,2";
				TEST_TARGET_NAME = Photorama;
			};
			name = Debug;
		};
		329A355F208B1847003A041E /* Release */ = {
			isa = XCBuildConfiguration;
			buildSettings = {
				ALWAYS_EMBED_SWIFT_STANDARD_LIBRARIES = YES;
				CODE_SIGN_STYLE = Automatic;
				INFOPLIST_FILE = PhotoramaUITests/Info.plist;
				LD_RUNPATH_SEARCH_PATHS = (
					"$(inherited)",
					"@executable_path/Frameworks",
					"@loader_path/Frameworks",
				);
				PRODUCT_BUNDLE_IDENTIFIER = ThinhLe.PhotoramaUITests;
				PRODUCT_NAME = "$(TARGET_NAME)";
				SWIFT_VERSION = 4.0;
				TARGETED_DEVICE_FAMILY = "1,2";
				TEST_TARGET_NAME = Photorama;
			};
			name = Release;
		};
/* End XCBuildConfiguration section */

/* Begin XCConfigurationList section */
		329A352A208B1844003A041E /* Build configuration list for PBXProject "Photorama" */ = {
			isa = XCConfigurationList;
			buildConfigurations = (
				329A3555208B1847003A041E /* Debug */,
				329A3556208B1847003A041E /* Release */,
			);
			defaultConfigurationIsVisible = 0;
			defaultConfigurationName = Release;
		};
		329A3557208B1847003A041E /* Build configuration list for PBXNativeTarget "Photorama" */ = {
			isa = XCConfigurationList;
			buildConfigurations = (
				329A3558208B1847003A041E /* Debug */,
				329A3559208B1847003A041E /* Release */,
			);
			defaultConfigurationIsVisible = 0;
			defaultConfigurationName = Release;
		};
		329A355A208B1847003A041E /* Build configuration list for PBXNativeTarget "PhotoramaTests" */ = {
			isa = XCConfigurationList;
			buildConfigurations = (
				329A355B208B1847003A041E /* Debug */,
				329A355C208B1847003A041E /* Release */,
			);
			defaultConfigurationIsVisible = 0;
			defaultConfigurationName = Release;
		};
		329A355D208B1847003A041E /* Build configuration list for PBXNativeTarget "PhotoramaUITests" */ = {
			isa = XCConfigurationList;
			buildConfigurations = (
				329A355E208B1847003A041E /* Debug */,
				329A355F208B1847003A041E /* Release */,
			);
			defaultConfigurationIsVisible = 0;
			defaultConfigurationName = Release;
		};
/* End XCConfigurationList section */
	};
	rootObject = 329A3527208B1844003A041E /* Project object */;
}
